
Microsoft Visual Studio Solution File, Format Version 12.00
# Visual Studio Version 17
VisualStudioVersion = 17.5.33530.505
MinimumVisualStudioVersion = 10.0.40219.1
Project("{FAE04EC0-301F-11D3-BF4B-00C04F79EFBC}") = "hw 7.2", "hw 7.2\hw 7.2.csproj", "{1A24C5F9-A128-4935-9993-825DEDCF06C1}"
EndProject
Global
	GlobalSection(SolutionConfigurationPlatforms) = preSolution
		Debug|Any CPU = Debug|Any CPU
		Release|Any CPU = Release|Any CPU
	EndGlobalSection
	GlobalSection(ProjectConfigurationPlatforms) = postSolution
		{1A24C5F9-A128-4935-9993-825DEDCF06C1}.Debug|Any CPU.ActiveCfg = Debug|Any CPU
		{1A24C5F9-A128-4935-9993-825DEDCF06C1}.Debug|Any CPU.Build.0 = Debug|Any CPU
		{1A24C5F9-A128-4935-9993-825DEDCF06C1}.Release|Any CPU.ActiveCfg = Release|Any CPU
		{1A24C5F9-A128-4935-9993-825DEDCF06C1}.Release|Any CPU.Build.0 = Release|Any CPU
	EndGlobalSection
	GlobalSection(SolutionProperties) = preSolution
		HideSolutionNode = FALSE
	EndGlobalSection
	GlobalSection(ExtensibilityGlobals) = postSolution
		SolutionGuid = {DD5127B4-968D-4BCA-A0C4-5A5B63652866}
	EndGlobalSection
EndGlobal
